// !$*UTF8*$!
{
	archiveVersion = 1;
	classes = {
	};
	objectVersion = 50;
	objects = {

/* Begin PBXBuildFile section */
		991CE11A25AB127C002D2C06 /* graphicFamilyVK.c in Sources */ = {isa = PBXBuildFile; fileRef = 991CE11925AB127C002D2C06 /* graphicFamilyVK.c */; };
		992DBE0525AB0E6B00BC39C1 /* deviceVK.c in Sources */ = {isa = PBXBuildFile; fileRef = 992DBE0425AB0E6B00BC39C1 /* deviceVK.c */; };
		99503D7525B369080057A303 /* libglfw.3.dylib in Frameworks */ = {isa = PBXBuildFile; fileRef = 99E5C0EE2523E8CB0071F105 /* libglfw.3.dylib */; };
		99503D7625B369080057A303 /* libglfw.3.dylib in Embed Libraries */ = {isa = PBXBuildFile; fileRef = 99E5C0EE2523E8CB0071F105 /* libglfw.3.dylib */; settings = {ATTRIBUTES = (CodeSignOnCopy, ); }; };
		995587742595117900AED95E /* shaders.c in Sources */ = {isa = PBXBuildFile; fileRef = 995587732595117900AED95E /* shaders.c */; };
		9978250A25901F4500F44260 /* initVK.c in Sources */ = {isa = PBXBuildFile; fileRef = 9978250925901F4500F44260 /* initVK.c */; };
		9980910E257AB12000D38F4E /* libshaderc_shared.1.dylib in Frameworks */ = {isa = PBXBuildFile; fileRef = 998090F5257AAF4100D38F4E /* libshaderc_shared.1.dylib */; };
		99809110257AB12000D38F4E /* libspirv-cross-c-shared.0.36.0.dylib in Frameworks */ = {isa = PBXBuildFile; fileRef = 99809101257AB03000D38F4E /* libspirv-cross-c-shared.0.36.0.dylib */; };
		99809112257AB12000D38F4E /* libSPIRV-Tools-shared.dylib in Frameworks */ = {isa = PBXBuildFile; fileRef = 998090FE257AAFE500D38F4E /* libSPIRV-Tools-shared.dylib */; };
		99868B8925AB2B66001A038F /* pipeline.c in Sources */ = {isa = PBXBuildFile; fileRef = 99868B8825AB2B66001A038F /* pipeline.c */; };
		9994453E2528B867007B6D82 /* libvulkan.1.2.148.dylib in Frameworks */ = {isa = PBXBuildFile; fileRef = 999445302528B66D007B6D82 /* libvulkan.1.2.148.dylib */; };
		99C5F58425AB2888006D765B /* swapChain.c in Sources */ = {isa = PBXBuildFile; fileRef = 99C5F58325AB2888006D765B /* swapChain.c */; };
		99E5C0CA2523D7410071F105 /* main.c in Sources */ = {isa = PBXBuildFile; fileRef = 99E5C0C92523D7410071F105 /* main.c */; };
		99FC00BC25AB2CFB005791E2 /* commandBuffer.c in Sources */ = {isa = PBXBuildFile; fileRef = 99FC00BB25AB2CFB005791E2 /* commandBuffer.c */; };
/* End PBXBuildFile section */

/* Begin PBXCopyFilesBuildPhase section */
		99503D7725B369080057A303 /* Embed Libraries */ = {
			isa = PBXCopyFilesBuildPhase;
			buildActionMask = 2147483647;
			dstPath = "";
			dstSubfolderSpec = 10;
			files = (
				99503D7625B369080057A303 /* libglfw.3.dylib in Embed Libraries */,
			);
			name = "Embed Libraries";
			runOnlyForDeploymentPostprocessing = 0;
		};
		99E5C0C42523D7410071F105 /* CopyFiles */ = {
			isa = PBXCopyFilesBuildPhase;
			buildActionMask = 2147483647;
			dstPath = /usr/share/man/man1/;
			dstSubfolderSpec = 0;
			files = (
			);
			runOnlyForDeploymentPostprocessing = 1;
		};
/* End PBXCopyFilesBuildPhase section */

/* Begin PBXFileReference section */
		991BDCB625A5075C00056CA1 /* geninc.h */ = {isa = PBXFileReference; lastKnownFileType = sourcecode.c.h; path = geninc.h; sourceTree = "<group>"; };
		991CE11825AB127C002D2C06 /* graphicFamilyVK.h */ = {isa = PBXFileReference; lastKnownFileType = sourcecode.c.h; path = graphicFamilyVK.h; sourceTree = "<group>"; };
		991CE11925AB127C002D2C06 /* graphicFamilyVK.c */ = {isa = PBXFileReference; lastKnownFileType = sourcecode.c.c; path = graphicFamilyVK.c; sourceTree = "<group>"; };
		992DBE0325AB0E6B00BC39C1 /* deviceVK.h */ = {isa = PBXFileReference; lastKnownFileType = sourcecode.c.h; path = deviceVK.h; sourceTree = "<group>"; };
		992DBE0425AB0E6B00BC39C1 /* deviceVK.c */ = {isa = PBXFileReference; lastKnownFileType = sourcecode.c.c; path = deviceVK.c; sourceTree = "<group>"; };
		995587722595117900AED95E /* shaders.h */ = {isa = PBXFileReference; lastKnownFileType = sourcecode.c.h; path = shaders.h; sourceTree = "<group>"; };
		995587732595117900AED95E /* shaders.c */ = {isa = PBXFileReference; lastKnownFileType = sourcecode.c.c; path = shaders.c; sourceTree = "<group>"; };
		99597C4F252927AD00C159CA /* README.md */ = {isa = PBXFileReference; lastKnownFileType = net.daringfireball.markdown; path = README.md; sourceTree = "<group>"; };
		9978250825901F4500F44260 /* initVK.h */ = {isa = PBXFileReference; lastKnownFileType = sourcecode.c.h; path = initVK.h; sourceTree = "<group>"; };
		9978250925901F4500F44260 /* initVK.c */ = {isa = PBXFileReference; lastKnownFileType = sourcecode.c.c; path = initVK.c; sourceTree = "<group>"; };
		998090E6257AA58E00D38F4E /* libshaderc.a */ = {isa = PBXFileReference; lastKnownFileType = archive.ar; name = libshaderc.a; path = "../vulkansdk-macos-1.2.148.1/macOS/lib/libshaderc.a"; sourceTree = "<group>"; };
		998090EA257AAC5500D38F4E /* libshaderc_util.a */ = {isa = PBXFileReference; lastKnownFileType = archive.ar; name = libshaderc_util.a; path = "../vulkansdk-macos-1.2.148.1/macOS/lib/libshaderc_util.a"; sourceTree = "<group>"; };
		998090ED257AAD6E00D38F4E /* libspirv-cross-glsl.a */ = {isa = PBXFileReference; lastKnownFileType = archive.ar; name = "libspirv-cross-glsl.a"; path = "../vulkansdk-macos-1.2.148.1/macOS/lib/libspirv-cross-glsl.a"; sourceTree = "<group>"; };
		998090F1257AADCF00D38F4E /* libshaderc_combined.a */ = {isa = PBXFileReference; lastKnownFileType = archive.ar; name = libshaderc_combined.a; path = "../vulkansdk-macos-1.2.148.1/macOS/lib/libshaderc_combined.a"; sourceTree = "<group>"; };
		998090F5257AAF4100D38F4E /* libshaderc_shared.1.dylib */ = {isa = PBXFileReference; lastKnownFileType = "compiled.mach-o.dylib"; name = libshaderc_shared.1.dylib; path = "../vulkansdk-macos-1.2.148.1/macOS/lib/libshaderc_shared.1.dylib"; sourceTree = "<group>"; };
		998090FE257AAFE500D38F4E /* libSPIRV-Tools-shared.dylib */ = {isa = PBXFileReference; lastKnownFileType = "compiled.mach-o.dylib"; name = "libSPIRV-Tools-shared.dylib"; path = "../vulkansdk-macos-1.2.148.1/macOS/lib/libSPIRV-Tools-shared.dylib"; sourceTree = "<group>"; };
		99809101257AB03000D38F4E /* libspirv-cross-c-shared.0.36.0.dylib */ = {isa = PBXFileReference; lastKnownFileType = "compiled.mach-o.dylib"; name = "libspirv-cross-c-shared.0.36.0.dylib"; path = "../vulkansdk-macos-1.2.148.1/macOS/lib/libspirv-cross-c-shared.0.36.0.dylib"; sourceTree = "<group>"; };
		99868B8725AB2B66001A038F /* pipeline.h */ = {isa = PBXFileReference; lastKnownFileType = sourcecode.c.h; path = pipeline.h; sourceTree = "<group>"; };
		99868B8825AB2B66001A038F /* pipeline.c */ = {isa = PBXFileReference; lastKnownFileType = sourcecode.c.c; path = pipeline.c; sourceTree = "<group>"; };
		9994452E2528B641007B6D82 /* libglfw3.a */ = {isa = PBXFileReference; lastKnownFileType = archive.ar; name = libglfw3.a; path = "../glfw-3.3.2.bin.MACOS/lib-macos/libglfw3.a"; sourceTree = "<group>"; };
		999445302528B66D007B6D82 /* libvulkan.1.2.148.dylib */ = {isa = PBXFileReference; lastKnownFileType = "compiled.mach-o.dylib"; name = libvulkan.1.2.148.dylib; path = "../vulkansdk-macos-1.2.148.1/macOS/lib/libvulkan.1.2.148.dylib"; sourceTree = "<group>"; };
		999445362528B761007B6D82 /* linmath.h */ = {isa = PBXFileReference; fileEncoding = 4; lastKnownFileType = sourcecode.c.h; name = linmath.h; path = ../../../linmath.h/linmath.h; sourceTree = "<group>"; };
		99A0379925778B9E006BA209 /* shader.vert */ = {isa = PBXFileReference; lastKnownFileType = sourcecode.glsl; path = shader.vert; sourceTree = "<group>"; };
		99A0379A25778BBB006BA209 /* shader.frag */ = {isa = PBXFileReference; lastKnownFileType = sourcecode.glsl; path = shader.frag; sourceTree = "<group>"; };
		99A9D4232528CA91000BCD3C /* libMoltenVK.a */ = {isa = PBXFileReference; lastKnownFileType = archive.ar; name = libMoltenVK.a; path = "../vulkansdk-macos-1.2.148.1/MoltenVK/macOS/static/libMoltenVK.a"; sourceTree = "<group>"; };
		99A9D4242528CA91000BCD3C /* libMoltenVK.dylib */ = {isa = PBXFileReference; lastKnownFileType = "compiled.mach-o.dylib"; name = libMoltenVK.dylib; path = "../vulkansdk-macos-1.2.148.1/MoltenVK/macOS/dynamic/libMoltenVK.dylib"; sourceTree = "<group>"; };
		99C05A532529527A002E0D0C /* .gitignore */ = {isa = PBXFileReference; lastKnownFileType = text; path = .gitignore; sourceTree = "<group>"; };
		99C05A57252956DC002E0D0C /* LICENCE.md */ = {isa = PBXFileReference; lastKnownFileType = net.daringfireball.markdown; path = LICENCE.md; sourceTree = "<group>"; };
		99C5F58225AB2888006D765B /* swapChain.h */ = {isa = PBXFileReference; lastKnownFileType = sourcecode.c.h; path = swapChain.h; sourceTree = "<group>"; };
		99C5F58325AB2888006D765B /* swapChain.c */ = {isa = PBXFileReference; lastKnownFileType = sourcecode.c.c; path = swapChain.c; sourceTree = "<group>"; };
		99E5C0C62523D7410071F105 /* vulkan-tutorial */ = {isa = PBXFileReference; explicitFileType = "compiled.mach-o.executable"; includeInIndex = 0; path = "vulkan-tutorial"; sourceTree = BUILT_PRODUCTS_DIR; };
		99E5C0C92523D7410071F105 /* main.c */ = {isa = PBXFileReference; lastKnownFileType = sourcecode.c.c; path = main.c; sourceTree = "<group>"; };
		99E5C0E72523E5060071F105 /* libglfw3.a */ = {isa = PBXFileReference; lastKnownFileType = archive.ar; name = libglfw3.a; path = "../glfw-3.3.2/src/libglfw3.a"; sourceTree = "<group>"; };
		99E5C0EE2523E8CB0071F105 /* libglfw.3.dylib */ = {isa = PBXFileReference; lastKnownFileType = "compiled.mach-o.dylib"; name = libglfw.3.dylib; path = "../glfw-3.3.2.bin.MACOS/lib-macos/libglfw.3.dylib"; sourceTree = "<group>"; };
		99FC00BA25AB2CFB005791E2 /* commandBuffer.h */ = {isa = PBXFileReference; lastKnownFileType = sourcecode.c.h; path = commandBuffer.h; sourceTree = "<group>"; };
		99FC00BB25AB2CFB005791E2 /* commandBuffer.c */ = {isa = PBXFileReference; lastKnownFileType = sourcecode.c.c; path = commandBuffer.c; sourceTree = "<group>"; };
/* End PBXFileReference section */

/* Begin PBXFrameworksBuildPhase section */
		99E5C0EB2523E7D30071F105 /* Frameworks */ = {
			isa = PBXFrameworksBuildPhase;
			buildActionMask = 2147483647;
			files = (
				99809112257AB12000D38F4E /* libSPIRV-Tools-shared.dylib in Frameworks */,
				9994453E2528B867007B6D82 /* libvulkan.1.2.148.dylib in Frameworks */,
				99809110257AB12000D38F4E /* libspirv-cross-c-shared.0.36.0.dylib in Frameworks */,
				99503D7525B369080057A303 /* libglfw.3.dylib in Frameworks */,
				9980910E257AB12000D38F4E /* libshaderc_shared.1.dylib in Frameworks */,
			);
			runOnlyForDeploymentPostprocessing = 0;
		};
/* End PBXFrameworksBuildPhase section */

/* Begin PBXGroup section */
		993BE4212525000000EAF159 /* dep */ = {
			isa = PBXGroup;
			children = (
				999445362528B761007B6D82 /* linmath.h */,
			);
			path = dep;
			sourceTree = "<group>";
		};
		99600DAC25778DC000C9C3B0 /* include */ = {
			isa = PBXGroup;
			children = (
				99C5F58225AB2888006D765B /* swapChain.h */,
				991CE11825AB127C002D2C06 /* graphicFamilyVK.h */,
				992DBE0325AB0E6B00BC39C1 /* deviceVK.h */,
				995587722595117900AED95E /* shaders.h */,
				99FC00BA25AB2CFB005791E2 /* commandBuffer.h */,
				99868B8725AB2B66001A038F /* pipeline.h */,
				9978250825901F4500F44260 /* initVK.h */,
				991BDCB625A5075C00056CA1 /* geninc.h */,
			);
			path = include;
			sourceTree = "<group>";
		};
		99A0379725770030006BA209 /* shaders */ = {
			isa = PBXGroup;
			children = (
				99A0379925778B9E006BA209 /* shader.vert */,
				99A0379A25778BBB006BA209 /* shader.frag */,
			);
			path = shaders;
			sourceTree = "<group>";
		};
		99E5C0BD2523D7410071F105 = {
			isa = PBXGroup;
			children = (
				99597C4F252927AD00C159CA /* README.md */,
				99C05A532529527A002E0D0C /* .gitignore */,
				99C05A57252956DC002E0D0C /* LICENCE.md */,
				99E5C0C82523D7410071F105 /* vulkan-tutorial */,
				99E5C0C72523D7410071F105 /* Products */,
				99E5C0E42523E1020071F105 /* Frameworks */,
			);
			sourceTree = "<group>";
		};
		99E5C0C72523D7410071F105 /* Products */ = {
			isa = PBXGroup;
			children = (
				99E5C0C62523D7410071F105 /* vulkan-tutorial */,
			);
			name = Products;
			sourceTree = "<group>";
		};
		99E5C0C82523D7410071F105 /* vulkan-tutorial */ = {
			isa = PBXGroup;
			children = (
				99600DAC25778DC000C9C3B0 /* include */,
				99A0379725770030006BA209 /* shaders */,
				993BE4212525000000EAF159 /* dep */,
				99E5C0C92523D7410071F105 /* main.c */,
				99FC00BB25AB2CFB005791E2 /* commandBuffer.c */,
				99868B8825AB2B66001A038F /* pipeline.c */,
				99C5F58325AB2888006D765B /* swapChain.c */,
				991CE11925AB127C002D2C06 /* graphicFamilyVK.c */,
				992DBE0425AB0E6B00BC39C1 /* deviceVK.c */,
				995587732595117900AED95E /* shaders.c */,
				9978250925901F4500F44260 /* initVK.c */,
			);
			path = "vulkan-tutorial";
			sourceTree = "<group>";
		};
		99E5C0E42523E1020071F105 /* Frameworks */ = {
			isa = PBXGroup;
			children = (
				99809101257AB03000D38F4E /* libspirv-cross-c-shared.0.36.0.dylib */,
				998090FE257AAFE500D38F4E /* libSPIRV-Tools-shared.dylib */,
				998090F5257AAF4100D38F4E /* libshaderc_shared.1.dylib */,
				998090F1257AADCF00D38F4E /* libshaderc_combined.a */,
				998090ED257AAD6E00D38F4E /* libspirv-cross-glsl.a */,
				998090EA257AAC5500D38F4E /* libshaderc_util.a */,
				998090E6257AA58E00D38F4E /* libshaderc.a */,
				99A9D4232528CA91000BCD3C /* libMoltenVK.a */,
				99A9D4242528CA91000BCD3C /* libMoltenVK.dylib */,
				999445302528B66D007B6D82 /* libvulkan.1.2.148.dylib */,
				9994452E2528B641007B6D82 /* libglfw3.a */,
				99E5C0EE2523E8CB0071F105 /* libglfw.3.dylib */,
				99E5C0E72523E5060071F105 /* libglfw3.a */,
			);
			name = Frameworks;
			sourceTree = "<group>";
		};
/* End PBXGroup section */

/* Begin PBXNativeTarget section */
		99E5C0C52523D7410071F105 /* vulkan-tutorial */ = {
			isa = PBXNativeTarget;
			buildConfigurationList = 99E5C0CD2523D7410071F105 /* Build configuration list for PBXNativeTarget "vulkan-tutorial" */;
			buildPhases = (
				99E5C0C22523D7410071F105 /* Sources */,
				99E5C0C42523D7410071F105 /* CopyFiles */,
				99E5C0EB2523E7D30071F105 /* Frameworks */,
				99503D7725B369080057A303 /* Embed Libraries */,
			);
			buildRules = (
			);
			dependencies = (
			);
			name = "vulkan-tutorial";
			productName = "vulkan-tutorial";
			productReference = 99E5C0C62523D7410071F105 /* vulkan-tutorial */;
			productType = "com.apple.product-type.tool";
		};
/* End PBXNativeTarget section */

/* Begin PBXProject section */
		99E5C0BE2523D7410071F105 /* Project object */ = {
			isa = PBXProject;
			attributes = {
				LastUpgradeCheck = 1220;
				TargetAttributes = {
					99E5C0C52523D7410071F105 = {
						CreatedOnToolsVersion = 12.0.1;
					};
				};
			};
			buildConfigurationList = 99E5C0C12523D7410071F105 /* Build configuration list for PBXProject "vulkan-tutorial" */;
			compatibilityVersion = "Xcode 9.3";
			developmentRegion = en;
			hasScannedForEncodings = 0;
			knownRegions = (
				en,
				Base,
			);
			mainGroup = 99E5C0BD2523D7410071F105;
			productRefGroup = 99E5C0C72523D7410071F105 /* Products */;
			projectDirPath = "";
			projectRoot = "";
			targets = (
				99E5C0C52523D7410071F105 /* vulkan-tutorial */,
			);
		};
/* End PBXProject section */

/* Begin PBXSourcesBuildPhase section */
		99E5C0C22523D7410071F105 /* Sources */ = {
			isa = PBXSourcesBuildPhase;
			buildActionMask = 2147483647;
			files = (
				992DBE0525AB0E6B00BC39C1 /* deviceVK.c in Sources */,
				99FC00BC25AB2CFB005791E2 /* commandBuffer.c in Sources */,
				9978250A25901F4500F44260 /* initVK.c in Sources */,
				99C5F58425AB2888006D765B /* swapChain.c in Sources */,
				99868B8925AB2B66001A038F /* pipeline.c in Sources */,
				991CE11A25AB127C002D2C06 /* graphicFamilyVK.c in Sources */,
				995587742595117900AED95E /* shaders.c in Sources */,
				99E5C0CA2523D7410071F105 /* main.c in Sources */,
			);
			runOnlyForDeploymentPostprocessing = 0;
		};
/* End PBXSourcesBuildPhase section */

/* Begin XCBuildConfiguration section */
		99E5C0CB2523D7410071F105 /* Debug */ = {
			isa = XCBuildConfiguration;
			buildSettings = {
				ALWAYS_SEARCH_USER_PATHS = NO;
				CLANG_ANALYZER_NONNULL = YES;
				CLANG_ANALYZER_NUMBER_OBJECT_CONVERSION = YES_AGGRESSIVE;
				CLANG_CXX_LANGUAGE_STANDARD = "gnu++14";
				CLANG_CXX_LIBRARY = "libc++";
				CLANG_ENABLE_MODULES = YES;
				CLANG_ENABLE_OBJC_ARC = YES;
				CLANG_ENABLE_OBJC_WEAK = YES;
				CLANG_WARN_BLOCK_CAPTURE_AUTORELEASING = YES;
				CLANG_WARN_BOOL_CONVERSION = YES;
				CLANG_WARN_COMMA = YES;
				CLANG_WARN_CONSTANT_CONVERSION = YES;
				CLANG_WARN_DEPRECATED_OBJC_IMPLEMENTATIONS = YES;
				CLANG_WARN_DIRECT_OBJC_ISA_USAGE = YES_ERROR;
				CLANG_WARN_DOCUMENTATION_COMMENTS = YES;
				CLANG_WARN_EMPTY_BODY = YES;
				CLANG_WARN_ENUM_CONVERSION = YES;
				CLANG_WARN_INFINITE_RECURSION = YES;
				CLANG_WARN_INT_CONVERSION = YES;
				CLANG_WARN_NON_LITERAL_NULL_CONVERSION = YES;
				CLANG_WARN_OBJC_IMPLICIT_RETAIN_SELF = YES;
				CLANG_WARN_OBJC_LITERAL_CONVERSION = YES;
				CLANG_WARN_OBJC_ROOT_CLASS = YES_ERROR;
				CLANG_WARN_QUOTED_INCLUDE_IN_FRAMEWORK_HEADER = YES;
				CLANG_WARN_RANGE_LOOP_ANALYSIS = YES;
				CLANG_WARN_STRICT_PROTOTYPES = YES;
				CLANG_WARN_SUSPICIOUS_MOVE = YES;
				CLANG_WARN_UNGUARDED_AVAILABILITY = YES_AGGRESSIVE;
				CLANG_WARN_UNREACHABLE_CODE = YES;
				CLANG_WARN__DUPLICATE_METHOD_MATCH = YES;
				COPY_PHASE_STRIP = NO;
				DEBUG_INFORMATION_FORMAT = dwarf;
				ENABLE_STRICT_OBJC_MSGSEND = YES;
				ENABLE_TESTABILITY = YES;
				"FRAMEWORK_SEARCH_PATHS[arch=*]" = (
					"/Users/olivandro/Apps/vulkansdk-macos-1.2.148.1/macOS/Frameworks/**",
					"/Users/olivandro/Apps/vulkansdk-macos-1.2.148.1/MoltenVK/macOS/framework/**",
				);
				GCC_C_LANGUAGE_STANDARD = gnu11;
				GCC_DYNAMIC_NO_PIC = NO;
				GCC_NO_COMMON_BLOCKS = YES;
				GCC_OPTIMIZATION_LEVEL = 0;
				GCC_PREPROCESSOR_DEFINITIONS = (
					"DEBUG=1",
					"$(inherited)",
				);
				GCC_WARN_64_TO_32_BIT_CONVERSION = YES;
				GCC_WARN_ABOUT_RETURN_TYPE = YES_ERROR;
				GCC_WARN_UNDECLARED_SELECTOR = YES;
				GCC_WARN_UNINITIALIZED_AUTOS = YES_AGGRESSIVE;
				GCC_WARN_UNUSED_FUNCTION = YES;
				GCC_WARN_UNUSED_VARIABLE = YES;
				"HEADER_SEARCH_PATHS[arch=*]" = (
					"/Users/olivandro/Apps/glfw-3.3.2.bin.MACOS/include/",
					"/Users/olivandro/Apps/vulkansdk-macos-1.2.148.1/MoltenVK/include/**",
					"/Users/olivandro/Apps/vulkansdk-macos-1.2.148.1/macOS/include/**",
					"/Users/olivandro/Apps/vulkan-tutorial/dep/include/",
					"/Users/olivandro/Apps/vulkan-tutorial/include/**",
				);
				"LIBRARY_SEARCH_PATHS[arch=*]" = (
					"/Users/olivandro/Apps/vulkansdk-macos-1.2.148.1/macOS/lib/**",
					"/Users/olivandro/Apps/glfw-3.3.2.bin.MACOS/lib-macos/**",
					"/Users/olivandro/Apps/vulkansdk-macos-1.2.148.1/MoltenVK/macOS/dynamic/**",
					"/Users/olivandro/Apps/vulkansdk-macos-1.2.148.1/MoltenVK/macOS/static/**",
				);
				MACOSX_DEPLOYMENT_TARGET = 10.15;
				MTL_ENABLE_DEBUG_INFO = INCLUDE_SOURCE;
				MTL_FAST_MATH = YES;
				ONLY_ACTIVE_ARCH = YES;
				SDKROOT = macosx;
				"SYSTEM_FRAMEWORK_SEARCH_PATHS[arch=*]" = "";
				"SYSTEM_HEADER_SEARCH_PATHS[arch=*]" = "";
			};
			name = Debug;
		};
		99E5C0CC2523D7410071F105 /* Release */ = {
			isa = XCBuildConfiguration;
			buildSettings = {
				ALWAYS_SEARCH_USER_PATHS = NO;
				CLANG_ANALYZER_NONNULL = YES;
				CLANG_ANALYZER_NUMBER_OBJECT_CONVERSION = YES_AGGRESSIVE;
				CLANG_CXX_LANGUAGE_STANDARD = "gnu++14";
				CLANG_CXX_LIBRARY = "libc++";
				CLANG_ENABLE_MODULES = YES;
				CLANG_ENABLE_OBJC_ARC = YES;
				CLANG_ENABLE_OBJC_WEAK = YES;
				CLANG_WARN_BLOCK_CAPTURE_AUTORELEASING = YES;
				CLANG_WARN_BOOL_CONVERSION = YES;
				CLANG_WARN_COMMA = YES;
				CLANG_WARN_CONSTANT_CONVERSION = YES;
				CLANG_WARN_DEPRECATED_OBJC_IMPLEMENTATIONS = YES;
				CLANG_WARN_DIRECT_OBJC_ISA_USAGE = YES_ERROR;
				CLANG_WARN_DOCUMENTATION_COMMENTS = YES;
				CLANG_WARN_EMPTY_BODY = YES;
				CLANG_WARN_ENUM_CONVERSION = YES;
				CLANG_WARN_INFINITE_RECURSION = YES;
				CLANG_WARN_INT_CONVERSION = YES;
				CLANG_WARN_NON_LITERAL_NULL_CONVERSION = YES;
				CLANG_WARN_OBJC_IMPLICIT_RETAIN_SELF = YES;
				CLANG_WARN_OBJC_LITERAL_CONVERSION = YES;
				CLANG_WARN_OBJC_ROOT_CLASS = YES_ERROR;
				CLANG_WARN_QUOTED_INCLUDE_IN_FRAMEWORK_HEADER = YES;
				CLANG_WARN_RANGE_LOOP_ANALYSIS = YES;
				CLANG_WARN_STRICT_PROTOTYPES = YES;
				CLANG_WARN_SUSPICIOUS_MOVE = YES;
				CLANG_WARN_UNGUARDED_AVAILABILITY = YES_AGGRESSIVE;
				CLANG_WARN_UNREACHABLE_CODE = YES;
				CLANG_WARN__DUPLICATE_METHOD_MATCH = YES;
				COPY_PHASE_STRIP = NO;
				DEBUG_INFORMATION_FORMAT = "dwarf-with-dsym";
				ENABLE_NS_ASSERTIONS = NO;
				ENABLE_STRICT_OBJC_MSGSEND = YES;
				GCC_C_LANGUAGE_STANDARD = gnu11;
				GCC_NO_COMMON_BLOCKS = YES;
				GCC_WARN_64_TO_32_BIT_CONVERSION = YES;
				GCC_WARN_ABOUT_RETURN_TYPE = YES_ERROR;
				GCC_WARN_UNDECLARED_SELECTOR = YES;
				GCC_WARN_UNINITIALIZED_AUTOS = YES_AGGRESSIVE;
				GCC_WARN_UNUSED_FUNCTION = YES;
				GCC_WARN_UNUSED_VARIABLE = YES;
				MACOSX_DEPLOYMENT_TARGET = 10.15;
				MTL_ENABLE_DEBUG_INFO = NO;
				MTL_FAST_MATH = YES;
				SDKROOT = macosx;
			};
			name = Release;
		};
		99E5C0CE2523D7410071F105 /* Debug */ = {
			isa = XCBuildConfiguration;
			buildSettings = {
				CODE_SIGN_ENTITLEMENTS = "vulkan-tutorial/vulkan-tutorial.entitlements";
				CODE_SIGN_IDENTITY = "-";
				CODE_SIGN_STYLE = Automatic;
				DEVELOPMENT_TEAM = ZQ92FN7Y2N;
				ENABLE_HARDENED_RUNTIME = YES;
				"LIBRARY_SEARCH_PATHS[arch=*]" = (
					"/Users/olivandro/Apps/vulkansdk-macos-1.2.148.1/macOS/lib/**",
					"/Users/olivandro/Apps/glfw-3.3.2.bin.MACOS/lib-macos",
					"/Users/olivandro/Apps/vulkansdk-macos-1.2.148.1/MoltenVK/macOS/dynamic",
					"/Users/olivandro/Apps/vulkansdk-macos-1.2.148.1/MoltenVK/macOS/static",
				);
				PRODUCT_NAME = "$(TARGET_NAME)";
			};
			name = Debug;
		};
		99E5C0CF2523D7410071F105 /* Release */ = {
			isa = XCBuildConfiguration;
			buildSettings = {
				CODE_SIGN_ENTITLEMENTS = "vulkan-tutorial/vulkan-tutorial.entitlements";
				CODE_SIGN_IDENTITY = "-";
				CODE_SIGN_STYLE = Automatic;
				DEVELOPMENT_TEAM = ZQ92FN7Y2N;
				ENABLE_HARDENED_RUNTIME = YES;
				PRODUCT_NAME = "$(TARGET_NAME)";
			};
			name = Release;
		};
/* End XCBuildConfiguration section */

/* Begin XCConfigurationList section */
		99E5C0C12523D7410071F105 /* Build configuration list for PBXProject "vulkan-tutorial" */ = {
			isa = XCConfigurationList;
			buildConfigurations = (
				99E5C0CB2523D7410071F105 /* Debug */,
				99E5C0CC2523D7410071F105 /* Release */,
			);
			defaultConfigurationIsVisible = 0;
			defaultConfigurationName = Debug;
		};
		99E5C0CD2523D7410071F105 /* Build configuration list for PBXNativeTarget "vulkan-tutorial" */ = {
			isa = XCConfigurationList;
			buildConfigurations = (
				99E5C0CE2523D7410071F105 /* Debug */,
				99E5C0CF2523D7410071F105 /* Release */,
			);
			defaultConfigurationIsVisible = 0;
			defaultConfigurationName = Debug;
		};
/* End XCConfigurationList section */
	};
	rootObject = 99E5C0BE2523D7410071F105 /* Project object */;
}
